
Microsoft Visual Studio Solution File, Format Version 12.00
# Visual Studio Version 16
VisualStudioVersion = 16.0.31402.337
MinimumVisualStudioVersion = 10.0.40219.1
Project("{FAE04EC0-301F-11D3-BF4B-00C04F79EFBC}") = "CoreAndFood2", "CoreAndFood2.csproj", "{80C3537D-5113-4C55-B477-2A5270F5FAAA}"
EndProject
Global
	GlobalSection(SolutionConfigurationPlatforms) = preSolution
		Debug|Any CPU = Debug|Any CPU
		Release|Any CPU = Release|Any CPU
	EndGlobalSection
	GlobalSection(ProjectConfigurationPlatforms) = postSolution
		{80C3537D-5113-4C55-B477-2A5270F5FAAA}.Debug|Any CPU.ActiveCfg = Debug|Any CPU
		{80C3537D-5113-4C55-B477-2A5270F5FAAA}.Debug|Any CPU.Build.0 = Debug|Any CPU
		{80C3537D-5113-4C55-B477-2A5270F5FAAA}.Release|Any CPU.ActiveCfg = Release|Any CPU
		{80C3537D-5113-4C55-B477-2A5270F5FAAA}.Release|Any CPU.Build.0 = Release|Any CPU
	EndGlobalSection
	GlobalSection(SolutionProperties) = preSolution
		HideSolutionNode = FALSE
	EndGlobalSection
	GlobalSection(ExtensibilityGlobals) = postSolution
		SolutionGuid = {42891A36-E70A-4CD2-BFFC-2B4DB3B95AF7}
	EndGlobalSection
EndGlobal
